
Microsoft Visual Studio Solution File, Format Version 12.00
# Visual Studio Version 17
VisualStudioVersion = 17.1.32228.430
MinimumVisualStudioVersion = 10.0.40219.1
Project("{9A19103F-16F7-4668-BE54-9A1E7A4F7556}") = "pjBoletaVenta", "pjBoletaVenta\pjBoletaVenta.csproj", "{94650FBF-8AB3-469A-B29B-827B992DC07F}"
EndProject
Project("{9A19103F-16F7-4668-BE54-9A1E7A4F7556}") = "pjPlanillaPago", "pjPlanillaPago\pjPlanillaPago.csproj", "{205848F0-E9CA-4E86-9072-5020095EED1C}"
EndProject
Project("{FAE04EC0-301F-11D3-BF4B-00C04F79EFBC}") = "Modelo", "Modelo\Modelo.csproj", "{4CF6C0DD-0A84-4CBF-BB4F-9D05013BFC86}"
EndProject
Project("{FAE04EC0-301F-11D3-BF4B-00C04F79EFBC}") = "pjPruebaTipoAnidada", "pjPruebaTipoAnidada\pjPruebaTipoAnidada.csproj", "{2680C49F-1089-4ECE-B096-1A714835F176}"
EndProject
Project("{FAE04EC0-301F-11D3-BF4B-00C04F79EFBC}") = "pjPruebaNumeraciones", "pjPruebaNumeraciones\pjPruebaNumeraciones.csproj", "{33DE0322-6EC3-43D7-815C-F52EDB81A3A2}"
EndProject
Project("{FAE04EC0-301F-11D3-BF4B-00C04F79EFBC}") = "pjDivisionEntrecero", "pjDivisionEntrecero\pjDivisionEntrecero.csproj", "{6385A517-C5B5-40A5-8E1F-BE478BE4408C}"
EndProject
Global
	GlobalSection(SolutionConfigurationPlatforms) = preSolution
		Debug|Any CPU = Debug|Any CPU
		Release|Any CPU = Release|Any CPU
	EndGlobalSection
	GlobalSection(ProjectConfigurationPlatforms) = postSolution
		{94650FBF-8AB3-469A-B29B-827B992DC07F}.Debug|Any CPU.ActiveCfg = Debug|Any CPU
		{94650FBF-8AB3-469A-B29B-827B992DC07F}.Debug|Any CPU.Build.0 = Debug|Any CPU
		{94650FBF-8AB3-469A-B29B-827B992DC07F}.Release|Any CPU.ActiveCfg = Release|Any CPU
		{94650FBF-8AB3-469A-B29B-827B992DC07F}.Release|Any CPU.Build.0 = Release|Any CPU
		{205848F0-E9CA-4E86-9072-5020095EED1C}.Debug|Any CPU.ActiveCfg = Debug|Any CPU
		{205848F0-E9CA-4E86-9072-5020095EED1C}.Debug|Any CPU.Build.0 = Debug|Any CPU
		{205848F0-E9CA-4E86-9072-5020095EED1C}.Release|Any CPU.ActiveCfg = Release|Any CPU
		{205848F0-E9CA-4E86-9072-5020095EED1C}.Release|Any CPU.Build.0 = Release|Any CPU
		{4CF6C0DD-0A84-4CBF-BB4F-9D05013BFC86}.Debug|Any CPU.ActiveCfg = Debug|Any CPU
		{4CF6C0DD-0A84-4CBF-BB4F-9D05013BFC86}.Debug|Any CPU.Build.0 = Debug|Any CPU
		{4CF6C0DD-0A84-4CBF-BB4F-9D05013BFC86}.Release|Any CPU.ActiveCfg = Release|Any CPU
		{4CF6C0DD-0A84-4CBF-BB4F-9D05013BFC86}.Release|Any CPU.Build.0 = Release|Any CPU
		{2680C49F-1089-4ECE-B096-1A714835F176}.Debug|Any CPU.ActiveCfg = Debug|Any CPU
		{2680C49F-1089-4ECE-B096-1A714835F176}.Debug|Any CPU.Build.0 = Debug|Any CPU
		{2680C49F-1089-4ECE-B096-1A714835F176}.Release|Any CPU.ActiveCfg = Release|Any CPU
		{2680C49F-1089-4ECE-B096-1A714835F176}.Release|Any CPU.Build.0 = Release|Any CPU
		{33DE0322-6EC3-43D7-815C-F52EDB81A3A2}.Debug|Any CPU.ActiveCfg = Debug|Any CPU
		{33DE0322-6EC3-43D7-815C-F52EDB81A3A2}.Debug|Any CPU.Build.0 = Debug|Any CPU
		{33DE0322-6EC3-43D7-815C-F52EDB81A3A2}.Release|Any CPU.ActiveCfg = Release|Any CPU
		{33DE0322-6EC3-43D7-815C-F52EDB81A3A2}.Release|Any CPU.Build.0 = Release|Any CPU
		{6385A517-C5B5-40A5-8E1F-BE478BE4408C}.Debug|Any CPU.ActiveCfg = Debug|Any CPU
		{6385A517-C5B5-40A5-8E1F-BE478BE4408C}.Debug|Any CPU.Build.0 = Debug|Any CPU
		{6385A517-C5B5-40A5-8E1F-BE478BE4408C}.Release|Any CPU.ActiveCfg = Release|Any CPU
		{6385A517-C5B5-40A5-8E1F-BE478BE4408C}.Release|Any CPU.Build.0 = Release|Any CPU
	EndGlobalSection
	GlobalSection(SolutionProperties) = preSolution
		HideSolutionNode = FALSE
	EndGlobalSection
	GlobalSection(ExtensibilityGlobals) = postSolution
		SolutionGuid = {69D37762-FA1B-4386-9600-766108DCA8D7}
	EndGlobalSection
EndGlobal
