
Microsoft Visual Studio Solution File, Format Version 12.00
# Visual Studio Version 17
VisualStudioVersion = 17.1.32228.430
MinimumVisualStudioVersion = 10.0.40219.1
Project("{9A19103F-16F7-4668-BE54-9A1E7A4F7556}") = "pjPlanillaPago", "pjPlanillaPago\pjPlanillaPago.csproj", "{F9CD7F63-F00A-416E-85BC-B6A229D956B3}"
EndProject
Project("{FAE04EC0-301F-11D3-BF4B-00C04F79EFBC}") = "pjBoletaVenta", "pjBoletaVenta\pjBoletaVenta.csproj", "{D5125798-3D4C-4751-BF88-797A3EBED343}"
EndProject
Global
	GlobalSection(SolutionConfigurationPlatforms) = preSolution
		Debug|Any CPU = Debug|Any CPU
		Release|Any CPU = Release|Any CPU
	EndGlobalSection
	GlobalSection(ProjectConfigurationPlatforms) = postSolution
		{F9CD7F63-F00A-416E-85BC-B6A229D956B3}.Debug|Any CPU.ActiveCfg = Debug|Any CPU
		{F9CD7F63-F00A-416E-85BC-B6A229D956B3}.Debug|Any CPU.Build.0 = Debug|Any CPU
		{F9CD7F63-F00A-416E-85BC-B6A229D956B3}.Release|Any CPU.ActiveCfg = Release|Any CPU
		{F9CD7F63-F00A-416E-85BC-B6A229D956B3}.Release|Any CPU.Build.0 = Release|Any CPU
		{D5125798-3D4C-4751-BF88-797A3EBED343}.Debug|Any CPU.ActiveCfg = Debug|Any CPU
		{D5125798-3D4C-4751-BF88-797A3EBED343}.Debug|Any CPU.Build.0 = Debug|Any CPU
		{D5125798-3D4C-4751-BF88-797A3EBED343}.Release|Any CPU.ActiveCfg = Release|Any CPU
		{D5125798-3D4C-4751-BF88-797A3EBED343}.Release|Any CPU.Build.0 = Release|Any CPU
	EndGlobalSection
	GlobalSection(SolutionProperties) = preSolution
		HideSolutionNode = FALSE
	EndGlobalSection
	GlobalSection(ExtensibilityGlobals) = postSolution
		SolutionGuid = {69D37762-FA1B-4386-9600-766108DCA8D7}
	EndGlobalSection
EndGlobal
